Microsoft Visual Studio Solution File, Format Version 12.00
# Visual Studio 2012
Project("{FAE04EC0-301F-11D3-BF4B-00C04F79EFBC}") = "EOS_GODOT", "EOS_GODOT.csproj", "{738D7495-A4A1-4D79-89F7-C0E3D8818519}"
EndProject
Global
	GlobalSection(SolutionConfigurationPlatforms) = preSolution
	Debug|Any CPU = Debug|Any CPU
	ExportDebug|Any CPU = ExportDebug|Any CPU
	ExportRelease|Any CPU = ExportRelease|Any CPU
	EndGlobalSection
	GlobalSection(ProjectConfigurationPlatforms) = postSolution
		{738D7495-A4A1-4D79-89F7-C0E3D8818519}.Debug|Any CPU.ActiveCfg = Debug|Any CPU
		{738D7495-A4A1-4D79-89F7-C0E3D8818519}.Debug|Any CPU.Build.0 = Debug|Any CPU
		{738D7495-A4A1-4D79-89F7-C0E3D8818519}.ExportDebug|Any CPU.ActiveCfg = ExportDebug|Any CPU
		{738D7495-A4A1-4D79-89F7-C0E3D8818519}.ExportDebug|Any CPU.Build.0 = ExportDebug|Any CPU
		{738D7495-A4A1-4D79-89F7-C0E3D8818519}.ExportRelease|Any CPU.ActiveCfg = ExportRelease|Any CPU
		{738D7495-A4A1-4D79-89F7-C0E3D8818519}.ExportRelease|Any CPU.Build.0 = ExportRelease|Any CPU
	EndGlobalSection
EndGlobal
